
Microsoft Visual Studio Solution File, Format Version 12.00
# Visual Studio 14
VisualStudioVersion = 14.0.25123.0
MinimumVisualStudioVersion = 10.0.40219.1
Project("{FAE04EC0-301F-11D3-BF4B-00C04F79EFBC}") = "FlightGates", "FlightGates\FlightGates.csproj", "{C03140FA-D446-4727-BAE2-B206EFD45D90}"
EndProject
Project("{FAE04EC0-301F-11D3-BF4B-00C04F79EFBC}") = "FlightGates.Services", "FlightGates.Services\FlightGates.Services.csproj", "{05EC37CA-4305-4CE9-869D-95F9517C232C}"
EndProject
Project("{FAE04EC0-301F-11D3-BF4B-00C04F79EFBC}") = "FlightGates.DataStore", "FlightGates.DataStore\FlightGates.DataStore.csproj", "{44BBF741-BF87-4EF0-BFD2-D701B6DAD128}"
EndProject
Project("{FAE04EC0-301F-11D3-BF4B-00C04F79EFBC}") = "FlightGates.Tests", "FlightGates.Tests\FlightGates.Tests.csproj", "{E677C7DE-F653-4D47-9E8E-D060D6C98951}"
EndProject
Global
	GlobalSection(SolutionConfigurationPlatforms) = preSolution
		Debug|Any CPU = Debug|Any CPU
		Release|Any CPU = Release|Any CPU
	EndGlobalSection
	GlobalSection(ProjectConfigurationPlatforms) = postSolution
		{C03140FA-D446-4727-BAE2-B206EFD45D90}.Debug|Any CPU.ActiveCfg = Debug|Any CPU
		{C03140FA-D446-4727-BAE2-B206EFD45D90}.Debug|Any CPU.Build.0 = Debug|Any CPU
		{C03140FA-D446-4727-BAE2-B206EFD45D90}.Release|Any CPU.ActiveCfg = Release|Any CPU
		{C03140FA-D446-4727-BAE2-B206EFD45D90}.Release|Any CPU.Build.0 = Release|Any CPU
		{05EC37CA-4305-4CE9-869D-95F9517C232C}.Debug|Any CPU.ActiveCfg = Debug|Any CPU
		{05EC37CA-4305-4CE9-869D-95F9517C232C}.Debug|Any CPU.Build.0 = Debug|Any CPU
		{05EC37CA-4305-4CE9-869D-95F9517C232C}.Release|Any CPU.ActiveCfg = Release|Any CPU
		{05EC37CA-4305-4CE9-869D-95F9517C232C}.Release|Any CPU.Build.0 = Release|Any CPU
		{44BBF741-BF87-4EF0-BFD2-D701B6DAD128}.Debug|Any CPU.ActiveCfg = Debug|Any CPU
		{44BBF741-BF87-4EF0-BFD2-D701B6DAD128}.Debug|Any CPU.Build.0 = Debug|Any CPU
		{44BBF741-BF87-4EF0-BFD2-D701B6DAD128}.Release|Any CPU.ActiveCfg = Release|Any CPU
		{44BBF741-BF87-4EF0-BFD2-D701B6DAD128}.Release|Any CPU.Build.0 = Release|Any CPU
		{E677C7DE-F653-4D47-9E8E-D060D6C98951}.Debug|Any CPU.ActiveCfg = Debug|Any CPU
		{E677C7DE-F653-4D47-9E8E-D060D6C98951}.Debug|Any CPU.Build.0 = Debug|Any CPU
		{E677C7DE-F653-4D47-9E8E-D060D6C98951}.Release|Any CPU.ActiveCfg = Release|Any CPU
		{E677C7DE-F653-4D47-9E8E-D060D6C98951}.Release|Any CPU.Build.0 = Release|Any CPU
	EndGlobalSection
	GlobalSection(SolutionProperties) = preSolution
		HideSolutionNode = FALSE
	EndGlobalSection
EndGlobal
